
Microsoft Visual Studio Solution File, Format Version 12.00
# Visual Studio 14
VisualStudioVersion = 14.0.25123.0
MinimumVisualStudioVersion = 10.0.40219.1
Project("{FAE04EC0-301F-11D3-BF4B-00C04F79EFBC}") = "RevStack.Storage.S3", "RevStack.Storage.S3\RevStack.Storage.S3.csproj", "{9F52B28F-B830-4670-AB2D-0699C20D426F}"
EndProject
Global
	GlobalSection(SolutionConfigurationPlatforms) = preSolution
		Debug|Any CPU = Debug|Any CPU
		Release|Any CPU = Release|Any CPU
	EndGlobalSection
	GlobalSection(ProjectConfigurationPlatforms) = postSolution
		{9F52B28F-B830-4670-AB2D-0699C20D426F}.Debug|Any CPU.ActiveCfg = Debug|Any CPU
		{9F52B28F-B830-4670-AB2D-0699C20D426F}.Debug|Any CPU.Build.0 = Debug|Any CPU
		{9F52B28F-B830-4670-AB2D-0699C20D426F}.Release|Any CPU.ActiveCfg = Release|Any CPU
		{9F52B28F-B830-4670-AB2D-0699C20D426F}.Release|Any CPU.Build.0 = Release|Any CPU
	EndGlobalSection
	GlobalSection(SolutionProperties) = preSolution
		HideSolutionNode = FALSE
	EndGlobalSection
EndGlobal
